
Microsoft Visual Studio Solution File, Format Version 12.00
# Visual Studio Version 17
VisualStudioVersion = 17.4.33027.239
MinimumVisualStudioVersion = 10.0.40219.1
Project("{FAE04EC0-301F-11D3-BF4B-00C04F79EFBC}") = "Matchbet.AuthServer.API", "Matchbet.AuthServer.API\Matchbet.AuthServer.API.csproj", "{E096D46E-E16D-4AEF-A750-3B508441BB13}"
EndProject
Project("{FAE04EC0-301F-11D3-BF4B-00C04F79EFBC}") = "MatchBet.AuthServer.Core", "MatchBet.AuthServer.Core\MatchBet.AuthServer.Core.csproj", "{7AD57822-A31E-4FBF-ADA6-42C8B1AB691B}"
EndProject
Project("{FAE04EC0-301F-11D3-BF4B-00C04F79EFBC}") = "MatchBet.AuthServer.Services", "MatchBet.AuthServer.Services\MatchBet.AuthServer.Services.csproj", "{898A6835-40F3-4989-8557-4BA174ECD128}"
EndProject
Project("{FAE04EC0-301F-11D3-BF4B-00C04F79EFBC}") = "MatchBet.AuthServer.Shared", "MatchBet.AuthServer.Shared\MatchBet.AuthServer.Shared.csproj", "{91A1B9A0-5D74-4421-B620-B068BEF25FE3}"
EndProject
Project("{FAE04EC0-301F-11D3-BF4B-00C04F79EFBC}") = "MatchBet.AuthServer.Data", "MatchBet.AuthServer.Data\MatchBet.AuthServer.Data.csproj", "{A868D367-66E3-496E-BFA0-BEF7C49FF34B}"
EndProject
Project("{FAE04EC0-301F-11D3-BF4B-00C04F79EFBC}") = "MiniApp.API", "MiniApp.API\MiniApp.API.csproj", "{B4F85FC7-E5E2-43B5-967D-E9D1E06C21BC}"
EndProject
Global
	GlobalSection(SolutionConfigurationPlatforms) = preSolution
		Debug|Any CPU = Debug|Any CPU
		Release|Any CPU = Release|Any CPU
	EndGlobalSection
	GlobalSection(ProjectConfigurationPlatforms) = postSolution
		{E096D46E-E16D-4AEF-A750-3B508441BB13}.Debug|Any CPU.ActiveCfg = Debug|Any CPU
		{E096D46E-E16D-4AEF-A750-3B508441BB13}.Debug|Any CPU.Build.0 = Debug|Any CPU
		{E096D46E-E16D-4AEF-A750-3B508441BB13}.Release|Any CPU.ActiveCfg = Release|Any CPU
		{E096D46E-E16D-4AEF-A750-3B508441BB13}.Release|Any CPU.Build.0 = Release|Any CPU
		{7AD57822-A31E-4FBF-ADA6-42C8B1AB691B}.Debug|Any CPU.ActiveCfg = Debug|Any CPU
		{7AD57822-A31E-4FBF-ADA6-42C8B1AB691B}.Debug|Any CPU.Build.0 = Debug|Any CPU
		{7AD57822-A31E-4FBF-ADA6-42C8B1AB691B}.Release|Any CPU.ActiveCfg = Release|Any CPU
		{7AD57822-A31E-4FBF-ADA6-42C8B1AB691B}.Release|Any CPU.Build.0 = Release|Any CPU
		{898A6835-40F3-4989-8557-4BA174ECD128}.Debug|Any CPU.ActiveCfg = Debug|Any CPU
		{898A6835-40F3-4989-8557-4BA174ECD128}.Debug|Any CPU.Build.0 = Debug|Any CPU
		{898A6835-40F3-4989-8557-4BA174ECD128}.Release|Any CPU.ActiveCfg = Release|Any CPU
		{898A6835-40F3-4989-8557-4BA174ECD128}.Release|Any CPU.Build.0 = Release|Any CPU
		{91A1B9A0-5D74-4421-B620-B068BEF25FE3}.Debug|Any CPU.ActiveCfg = Debug|Any CPU
		{91A1B9A0-5D74-4421-B620-B068BEF25FE3}.Debug|Any CPU.Build.0 = Debug|Any CPU
		{91A1B9A0-5D74-4421-B620-B068BEF25FE3}.Release|Any CPU.ActiveCfg = Release|Any CPU
		{91A1B9A0-5D74-4421-B620-B068BEF25FE3}.Release|Any CPU.Build.0 = Release|Any CPU
		{A868D367-66E3-496E-BFA0-BEF7C49FF34B}.Debug|Any CPU.ActiveCfg = Debug|Any CPU
		{A868D367-66E3-496E-BFA0-BEF7C49FF34B}.Debug|Any CPU.Build.0 = Debug|Any CPU
		{A868D367-66E3-496E-BFA0-BEF7C49FF34B}.Release|Any CPU.ActiveCfg = Release|Any CPU
		{A868D367-66E3-496E-BFA0-BEF7C49FF34B}.Release|Any CPU.Build.0 = Release|Any CPU
		{B4F85FC7-E5E2-43B5-967D-E9D1E06C21BC}.Debug|Any CPU.ActiveCfg = Debug|Any CPU
		{B4F85FC7-E5E2-43B5-967D-E9D1E06C21BC}.Debug|Any CPU.Build.0 = Debug|Any CPU
		{B4F85FC7-E5E2-43B5-967D-E9D1E06C21BC}.Release|Any CPU.ActiveCfg = Release|Any CPU
		{B4F85FC7-E5E2-43B5-967D-E9D1E06C21BC}.Release|Any CPU.Build.0 = Release|Any CPU
	EndGlobalSection
	GlobalSection(SolutionProperties) = preSolution
		HideSolutionNode = FALSE
	EndGlobalSection
	GlobalSection(ExtensibilityGlobals) = postSolution
		SolutionGuid = {61A2F584-8444-4FC3-BECC-00B9AA0513F5}
	EndGlobalSection
EndGlobal
